
Microsoft Visual Studio Solution File, Format Version 12.00
# Visual Studio Version 17
VisualStudioVersion = 17.1.32210.238
MinimumVisualStudioVersion = 10.0.40219.1
Project("{8BC9CEB8-8B4A-11D0-8D11-00A0C91BC942}") = "NV3DLib", "NV3DLib\NV3DLib.vcxproj", "{0A3D6D52-9B27-4D4A-9D8A-7C4F1B0E9C01}"
EndProject
Project("{8BC9CEB8-8B4A-11D0-8D11-00A0C91BC942}") = "DX11Sample", "samples\DX11Sample\DX11Sample.vcxproj", "{1A3D6D52-9B27-4D4A-9D8A-7C4F1B0E9C10}"
EndProject
Project("{8BC9CEB8-8B4A-11D0-8D11-00A0C91BC942}") = "OGLSample", "samples\OGLSample\OGLSample.vcxproj", "{1A3D6D52-9B27-4D4A-9D8A-7C4F1B0E9C11}"
EndProject
Project("{8BC9CEB8-8B4A-11D0-8D11-00A0C91BC942}") = "DX12Sample", "samples\DX12Sample\DX12Sample.vcxproj", "{1A3D6D52-9B27-4D4A-9D8A-7C4F1B0E9C12}"
EndProject
Project("{8BC9CEB8-8B4A-11D0-8D11-00A0C91BC942}") = "VulkanSample", "samples\VulkanSample\VulkanSample.vcxproj", "{1A3D6D52-9B27-4D4A-9D8A-7C4F1B0E9C13}"
EndProject
Global
	GlobalSection(SolutionConfigurationPlatforms) = preSolution
		Debug-MT|x86 = Debug-MT|x86
		Debug-MT|x64 = Debug-MT|x64
		Release-MT|x86 = Release-MT|x86
		Release-MT|x64 = Release-MT|x64
		Debug-MD|x86 = Debug-MD|x86
		Debug-MD|x64 = Debug-MD|x64
		Release-MD|x86 = Release-MD|x86
		Release-MD|x64 = Release-MD|x64
	EndGlobalSection
	GlobalSection(ProjectConfigurationPlatforms) = postSolution
		{0A3D6D52-9B27-4D4A-9D8A-7C4F1B0E9C01}.Debug-MT|x86.ActiveCfg = Debug-MT|Win32
		{0A3D6D52-9B27-4D4A-9D8A-7C4F1B0E9C01}.Debug-MT|x86.Build.0 = Debug-MT|Win32
		{0A3D6D52-9B27-4D4A-9D8A-7C4F1B0E9C01}.Debug-MT|x64.ActiveCfg = Debug-MT|x64
		{0A3D6D52-9B27-4D4A-9D8A-7C4F1B0E9C01}.Debug-MT|x64.Build.0 = Debug-MT|x64
		{0A3D6D52-9B27-4D4A-9D8A-7C4F1B0E9C01}.Release-MT|x86.ActiveCfg = Release-MT|Win32
		{0A3D6D52-9B27-4D4A-9D8A-7C4F1B0E9C01}.Release-MT|x86.Build.0 = Release-MT|Win32
		{0A3D6D52-9B27-4D4A-9D8A-7C4F1B0E9C01}.Release-MT|x64.ActiveCfg = Release-MT|x64
		{0A3D6D52-9B27-4D4A-9D8A-7C4F1B0E9C01}.Release-MT|x64.Build.0 = Release-MT|x64
		{0A3D6D52-9B27-4D4A-9D8A-7C4F1B0E9C01}.Debug-MD|x86.ActiveCfg = Debug-MD|Win32
		{0A3D6D52-9B27-4D4A-9D8A-7C4F1B0E9C01}.Debug-MD|x86.Build.0 = Debug-MD|Win32
		{0A3D6D52-9B27-4D4A-9D8A-7C4F1B0E9C01}.Debug-MD|x64.ActiveCfg = Debug-MD|x64
		{0A3D6D52-9B27-4D4A-9D8A-7C4F1B0E9C01}.Debug-MD|x64.Build.0 = Debug-MD|x64
		{0A3D6D52-9B27-4D4A-9D8A-7C4F1B0E9C01}.Release-MD|x86.ActiveCfg = Release-MD|Win32
		{0A3D6D52-9B27-4D4A-9D8A-7C4F1B0E9C01}.Release-MD|x86.Build.0 = Release-MD|Win32
		{0A3D6D52-9B27-4D4A-9D8A-7C4F1B0E9C01}.Release-MD|x64.ActiveCfg = Release-MD|x64
		{0A3D6D52-9B27-4D4A-9D8A-7C4F1B0E9C01}.Release-MD|x64.Build.0 = Release-MD|x64
		{1A3D6D52-9B27-4D4A-9D8A-7C4F1B0E9C10}.Debug-MT|x86.ActiveCfg = Debug-MT|Win32
		{1A3D6D52-9B27-4D4A-9D8A-7C4F1B0E9C10}.Debug-MT|x86.Build.0 = Debug-MT|Win32
		{1A3D6D52-9B27-4D4A-9D8A-7C4F1B0E9C10}.Debug-MT|x64.ActiveCfg = Debug-MT|x64
		{1A3D6D52-9B27-4D4A-9D8A-7C4F1B0E9C10}.Debug-MT|x64.Build.0 = Debug-MT|x64
		{1A3D6D52-9B27-4D4A-9D8A-7C4F1B0E9C10}.Release-MT|x86.ActiveCfg = Release-MT|Win32
		{1A3D6D52-9B27-4D4A-9D8A-7C4F1B0E9C10}.Release-MT|x86.Build.0 = Release-MT|Win32
		{1A3D6D52-9B27-4D4A-9D8A-7C4F1B0E9C10}.Release-MT|x64.ActiveCfg = Release-MT|x64
		{1A3D6D52-9B27-4D4A-9D8A-7C4F1B0E9C10}.Release-MT|x64.Build.0 = Release-MT|x64
		{1A3D6D52-9B27-4D4A-9D8A-7C4F1B0E9C10}.Debug-MD|x86.ActiveCfg = Debug-MD|Win32
		{1A3D6D52-9B27-4D4A-9D8A-7C4F1B0E9C10}.Debug-MD|x86.Build.0 = Debug-MD|Win32
		{1A3D6D52-9B27-4D4A-9D8A-7C4F1B0E9C10}.Debug-MD|x64.ActiveCfg = Debug-MD|x64
		{1A3D6D52-9B27-4D4A-9D8A-7C4F1B0E9C10}.Debug-MD|x64.Build.0 = Debug-MD|x64
		{1A3D6D52-9B27-4D4A-9D8A-7C4F1B0E9C10}.Release-MD|x86.ActiveCfg = Release-MD|Win32
		{1A3D6D52-9B27-4D4A-9D8A-7C4F1B0E9C10}.Release-MD|x86.Build.0 = Release-MD|Win32
		{1A3D6D52-9B27-4D4A-9D8A-7C4F1B0E9C10}.Release-MD|x64.ActiveCfg = Release-MD|x64
		{1A3D6D52-9B27-4D4A-9D8A-7C4F1B0E9C10}.Release-MD|x64.Build.0 = Release-MD|x64
		{1A3D6D52-9B27-4D4A-9D8A-7C4F1B0E9C11}.Debug-MT|x86.ActiveCfg = Debug-MT|Win32
		{1A3D6D52-9B27-4D4A-9D8A-7C4F1B0E9C11}.Debug-MT|x86.Build.0 = Debug-MT|Win32
		{1A3D6D52-9B27-4D4A-9D8A-7C4F1B0E9C11}.Debug-MT|x64.ActiveCfg = Debug-MT|x64
		{1A3D6D52-9B27-4D4A-9D8A-7C4F1B0E9C11}.Debug-MT|x64.Build.0 = Debug-MT|x64
		{1A3D6D52-9B27-4D4A-9D8A-7C4F1B0E9C11}.Release-MT|x86.ActiveCfg = Release-MT|Win32
		{1A3D6D52-9B27-4D4A-9D8A-7C4F1B0E9C11}.Release-MT|x86.Build.0 = Release-MT|Win32
		{1A3D6D52-9B27-4D4A-9D8A-7C4F1B0E9C11}.Release-MT|x64.ActiveCfg = Release-MT|x64
		{1A3D6D52-9B27-4D4A-9D8A-7C4F1B0E9C11}.Release-MT|x64.Build.0 = Release-MT|x64
		{1A3D6D52-9B27-4D4A-9D8A-7C4F1B0E9C11}.Debug-MD|x86.ActiveCfg = Debug-MD|Win32
		{1A3D6D52-9B27-4D4A-9D8A-7C4F1B0E9C11}.Debug-MD|x86.Build.0 = Debug-MD|Win32
		{1A3D6D52-9B27-4D4A-9D8A-7C4F1B0E9C11}.Debug-MD|x64.ActiveCfg = Debug-MD|x64
		{1A3D6D52-9B27-4D4A-9D8A-7C4F1B0E9C11}.Debug-MD|x64.Build.0 = Debug-MD|x64
		{1A3D6D52-9B27-4D4A-9D8A-7C4F1B0E9C11}.Release-MD|x86.ActiveCfg = Release-MD|Win32
		{1A3D6D52-9B27-4D4A-9D8A-7C4F1B0E9C11}.Release-MD|x86.Build.0 = Release-MD|Win32
		{1A3D6D52-9B27-4D4A-9D8A-7C4F1B0E9C11}.Release-MD|x64.ActiveCfg = Release-MD|x64
		{1A3D6D52-9B27-4D4A-9D8A-7C4F1B0E9C11}.Release-MD|x64.Build.0 = Release-MD|x64
		{1A3D6D52-9B27-4D4A-9D8A-7C4F1B0E9C12}.Debug-MT|x86.ActiveCfg = Debug-MT|Win32
		{1A3D6D52-9B27-4D4A-9D8A-7C4F1B0E9C12}.Debug-MT|x86.Build.0 = Debug-MT|Win32
		{1A3D6D52-9B27-4D4A-9D8A-7C4F1B0E9C12}.Debug-MT|x64.ActiveCfg = Debug-MT|x64
		{1A3D6D52-9B27-4D4A-9D8A-7C4F1B0E9C12}.Debug-MT|x64.Build.0 = Debug-MT|x64
		{1A3D6D52-9B27-4D4A-9D8A-7C4F1B0E9C12}.Release-MT|x86.ActiveCfg = Release-MT|Win32
		{1A3D6D52-9B27-4D4A-9D8A-7C4F1B0E9C12}.Release-MT|x86.Build.0 = Release-MT|Win32
		{1A3D6D52-9B27-4D4A-9D8A-7C4F1B0E9C12}.Release-MT|x64.ActiveCfg = Release-MT|x64
		{1A3D6D52-9B27-4D4A-9D8A-7C4F1B0E9C12}.Release-MT|x64.Build.0 = Release-MT|x64
		{1A3D6D52-9B27-4D4A-9D8A-7C4F1B0E9C12}.Debug-MD|x86.ActiveCfg = Debug-MD|Win32
		{1A3D6D52-9B27-4D4A-9D8A-7C4F1B0E9C12}.Debug-MD|x86.Build.0 = Debug-MD|Win32
		{1A3D6D52-9B27-4D4A-9D8A-7C4F1B0E9C12}.Debug-MD|x64.ActiveCfg = Debug-MD|x64
		{1A3D6D52-9B27-4D4A-9D8A-7C4F1B0E9C12}.Debug-MD|x64.Build.0 = Debug-MD|x64
		{1A3D6D52-9B27-4D4A-9D8A-7C4F1B0E9C12}.Release-MD|x86.ActiveCfg = Release-MD|Win32
		{1A3D6D52-9B27-4D4A-9D8A-7C4F1B0E9C12}.Release-MD|x86.Build.0 = Release-MD|Win32
		{1A3D6D52-9B27-4D4A-9D8A-7C4F1B0E9C12}.Release-MD|x64.ActiveCfg = Release-MD|x64
		{1A3D6D52-9B27-4D4A-9D8A-7C4F1B0E9C12}.Release-MD|x64.Build.0 = Release-MD|x64
		{1A3D6D52-9B27-4D4A-9D8A-7C4F1B0E9C13}.Debug-MT|x86.ActiveCfg = Debug-MT|Win32
		{1A3D6D52-9B27-4D4A-9D8A-7C4F1B0E9C13}.Debug-MT|x86.Build.0 = Debug-MT|Win32
		{1A3D6D52-9B27-4D4A-9D8A-7C4F1B0E9C13}.Debug-MT|x64.ActiveCfg = Debug-MT|x64
		{1A3D6D52-9B27-4D4A-9D8A-7C4F1B0E9C13}.Debug-MT|x64.Build.0 = Debug-MT|x64
		{1A3D6D52-9B27-4D4A-9D8A-7C4F1B0E9C13}.Release-MT|x86.ActiveCfg = Release-MT|Win32
		{1A3D6D52-9B27-4D4A-9D8A-7C4F1B0E9C13}.Release-MT|x86.Build.0 = Release-MT|Win32
		{1A3D6D52-9B27-4D4A-9D8A-7C4F1B0E9C13}.Release-MT|x64.ActiveCfg = Release-MT|x64
		{1A3D6D52-9B27-4D4A-9D8A-7C4F1B0E9C13}.Release-MT|x64.Build.0 = Release-MT|x64
		{1A3D6D52-9B27-4D4A-9D8A-7C4F1B0E9C13}.Debug-MD|x86.ActiveCfg = Debug-MD|Win32
		{1A3D6D52-9B27-4D4A-9D8A-7C4F1B0E9C13}.Debug-MD|x86.Build.0 = Debug-MD|Win32
		{1A3D6D52-9B27-4D4A-9D8A-7C4F1B0E9C13}.Debug-MD|x64.ActiveCfg = Debug-MD|x64
		{1A3D6D52-9B27-4D4A-9D8A-7C4F1B0E9C13}.Debug-MD|x64.Build.0 = Debug-MD|x64
		{1A3D6D52-9B27-4D4A-9D8A-7C4F1B0E9C13}.Release-MD|x86.ActiveCfg = Release-MD|Win32
		{1A3D6D52-9B27-4D4A-9D8A-7C4F1B0E9C13}.Release-MD|x86.Build.0 = Release-MD|Win32
		{1A3D6D52-9B27-4D4A-9D8A-7C4F1B0E9C13}.Release-MD|x64.ActiveCfg = Release-MD|x64
		{1A3D6D52-9B27-4D4A-9D8A-7C4F1B0E9C13}.Release-MD|x64.Build.0 = Release-MD|x64
	EndGlobalSection
	GlobalSection(SolutionProperties) = preSolution
		HideSolutionNode = FALSE
	EndGlobalSection
	GlobalSection(ExtensibilityGlobals) = postSolution
		SolutionGuid = {0A3D6D52-9B27-4D4A-9D8A-7C4F1B0E9C02}
	EndGlobalSection
EndGlobal
